
Microsoft Visual Studio Solution File, Format Version 12.00
# Visual Studio Version 17
VisualStudioVersion = 17.14.36414.22 d17.14
MinimumVisualStudioVersion = 10.0.40219.1
Project("{FAE04EC0-301F-11D3-BF4B-00C04F79EFBC}") = "NetLayerAccessSOI", "NetLayerAccessSOI.csproj", "{75C955D5-5DE4-4A2B-2AF5-FD310C7BD5BE}"
EndProject
Global
	GlobalSection(SolutionConfigurationPlatforms) = preSolution
		Debug|Any CPU = Debug|Any CPU
		Release|Any CPU = Release|Any CPU
	EndGlobalSection
	GlobalSection(ProjectConfigurationPlatforms) = postSolution
		{75C955D5-5DE4-4A2B-2AF5-FD310C7BD5BE}.Debug|Any CPU.ActiveCfg = Debug|Any CPU
		{75C955D5-5DE4-4A2B-2AF5-FD310C7BD5BE}.Debug|Any CPU.Build.0 = Debug|Any CPU
		{75C955D5-5DE4-4A2B-2AF5-FD310C7BD5BE}.Release|Any CPU.ActiveCfg = Release|Any CPU
		{75C955D5-5DE4-4A2B-2AF5-FD310C7BD5BE}.Release|Any CPU.Build.0 = Release|Any CPU
	EndGlobalSection
	GlobalSection(SolutionProperties) = preSolution
		HideSolutionNode = FALSE
	EndGlobalSection
	GlobalSection(ExtensibilityGlobals) = postSolution
		SolutionGuid = {A31CBA11-FEBA-409F-86F3-1828465227E9}
	EndGlobalSection
EndGlobal
